
Microsoft Visual Studio Solution File, Format Version 12.00
# Visual Studio 15
VisualStudioVersion = 15.0.28307.489
MinimumVisualStudioVersion = 10.0.40219.1
Project("{FAE04EC0-301F-11D3-BF4B-00C04F79EFBC}") = "JPush.Android", "JPush\JPush.Android\JPush.Android.csproj", "{EBBE3FDC-B8EE-4B78-980D-2C6B8E85F2A4}"
EndProject
Project("{FAE04EC0-301F-11D3-BF4B-00C04F79EFBC}") = "JPush.iOS", "JPush\JPush.iOS\JPush.iOS.csproj", "{FD1FB9ED-9765-4343-8755-84772271C7F9}"
EndProject
Project("{FAE04EC0-301F-11D3-BF4B-00C04F79EFBC}") = "JPush", "JPush\JPush\JPush.csproj", "{8B38BCFE-387C-4F30-81FF-86154EBE49AD}"
EndProject
Global
	GlobalSection(SolutionConfigurationPlatforms) = preSolution
		Ad-Hoc|Any CPU = Ad-Hoc|Any CPU
		Ad-Hoc|iPhone = Ad-Hoc|iPhone
		Ad-Hoc|iPhoneSimulator = Ad-Hoc|iPhoneSimulator
		AppStore|Any CPU = AppStore|Any CPU
		AppStore|iPhone = AppStore|iPhone
		AppStore|iPhoneSimulator = AppStore|iPhoneSimulator
		Debug|Any CPU = Debug|Any CPU
		Debug|iPhone = Debug|iPhone
		Debug|iPhoneSimulator = Debug|iPhoneSimulator
		Release|Any CPU = Release|Any CPU
		Release|iPhone = Release|iPhone
		Release|iPhoneSimulator = Release|iPhoneSimulator
	EndGlobalSection
	GlobalSection(ProjectConfigurationPlatforms) = postSolution
		{EBBE3FDC-B8EE-4B78-980D-2C6B8E85F2A4}.Ad-Hoc|Any CPU.ActiveCfg = Release|Any CPU
		{EBBE3FDC-B8EE-4B78-980D-2C6B8E85F2A4}.Ad-Hoc|Any CPU.Build.0 = Release|Any CPU
		{EBBE3FDC-B8EE-4B78-980D-2C6B8E85F2A4}.Ad-Hoc|Any CPU.Deploy.0 = Release|Any CPU
		{EBBE3FDC-B8EE-4B78-980D-2C6B8E85F2A4}.Ad-Hoc|iPhone.ActiveCfg = Release|Any CPU
		{EBBE3FDC-B8EE-4B78-980D-2C6B8E85F2A4}.Ad-Hoc|iPhone.Build.0 = Release|Any CPU
		{EBBE3FDC-B8EE-4B78-980D-2C6B8E85F2A4}.Ad-Hoc|iPhone.Deploy.0 = Release|Any CPU
		{EBBE3FDC-B8EE-4B78-980D-2C6B8E85F2A4}.Ad-Hoc|iPhoneSimulator.ActiveCfg = Release|Any CPU
		{EBBE3FDC-B8EE-4B78-980D-2C6B8E85F2A4}.Ad-Hoc|iPhoneSimulator.Build.0 = Release|Any CPU
		{EBBE3FDC-B8EE-4B78-980D-2C6B8E85F2A4}.Ad-Hoc|iPhoneSimulator.Deploy.0 = Release|Any CPU
		{EBBE3FDC-B8EE-4B78-980D-2C6B8E85F2A4}.AppStore|Any CPU.ActiveCfg = Release|Any CPU
		{EBBE3FDC-B8EE-4B78-980D-2C6B8E85F2A4}.AppStore|Any CPU.Build.0 = Release|Any CPU
		{EBBE3FDC-B8EE-4B78-980D-2C6B8E85F2A4}.AppStore|Any CPU.Deploy.0 = Release|Any CPU
		{EBBE3FDC-B8EE-4B78-980D-2C6B8E85F2A4}.AppStore|iPhone.ActiveCfg = Release|Any CPU
		{EBBE3FDC-B8EE-4B78-980D-2C6B8E85F2A4}.AppStore|iPhone.Build.0 = Release|Any CPU
		{EBBE3FDC-B8EE-4B78-980D-2C6B8E85F2A4}.AppStore|iPhone.Deploy.0 = Release|Any CPU
		{EBBE3FDC-B8EE-4B78-980D-2C6B8E85F2A4}.AppStore|iPhoneSimulator.ActiveCfg = Release|Any CPU
		{EBBE3FDC-B8EE-4B78-980D-2C6B8E85F2A4}.AppStore|iPhoneSimulator.Build.0 = Release|Any CPU
		{EBBE3FDC-B8EE-4B78-980D-2C6B8E85F2A4}.AppStore|iPhoneSimulator.Deploy.0 = Release|Any CPU
		{EBBE3FDC-B8EE-4B78-980D-2C6B8E85F2A4}.Debug|Any CPU.ActiveCfg = Debug|Any CPU
		{EBBE3FDC-B8EE-4B78-980D-2C6B8E85F2A4}.Debug|Any CPU.Build.0 = Debug|Any CPU
		{EBBE3FDC-B8EE-4B78-980D-2C6B8E85F2A4}.Debug|Any CPU.Deploy.0 = Debug|Any CPU
		{EBBE3FDC-B8EE-4B78-980D-2C6B8E85F2A4}.Debug|iPhone.ActiveCfg = Debug|Any CPU
		{EBBE3FDC-B8EE-4B78-980D-2C6B8E85F2A4}.Debug|iPhone.Build.0 = Debug|Any CPU
		{EBBE3FDC-B8EE-4B78-980D-2C6B8E85F2A4}.Debug|iPhone.Deploy.0 = Debug|Any CPU
		{EBBE3FDC-B8EE-4B78-980D-2C6B8E85F2A4}.Debug|iPhoneSimulator.ActiveCfg = Debug|Any CPU
		{EBBE3FDC-B8EE-4B78-980D-2C6B8E85F2A4}.Debug|iPhoneSimulator.Build.0 = Debug|Any CPU
		{EBBE3FDC-B8EE-4B78-980D-2C6B8E85F2A4}.Debug|iPhoneSimulator.Deploy.0 = Debug|Any CPU
		{EBBE3FDC-B8EE-4B78-980D-2C6B8E85F2A4}.Release|Any CPU.ActiveCfg = Release|Any CPU
		{EBBE3FDC-B8EE-4B78-980D-2C6B8E85F2A4}.Release|Any CPU.Build.0 = Release|Any CPU
		{EBBE3FDC-B8EE-4B78-980D-2C6B8E85F2A4}.Release|Any CPU.Deploy.0 = Release|Any CPU
		{EBBE3FDC-B8EE-4B78-980D-2C6B8E85F2A4}.Release|iPhone.ActiveCfg = Release|Any CPU
		{EBBE3FDC-B8EE-4B78-980D-2C6B8E85F2A4}.Release|iPhone.Build.0 = Release|Any CPU
		{EBBE3FDC-B8EE-4B78-980D-2C6B8E85F2A4}.Release|iPhone.Deploy.0 = Release|Any CPU
		{EBBE3FDC-B8EE-4B78-980D-2C6B8E85F2A4}.Release|iPhoneSimulator.ActiveCfg = Release|Any CPU
		{EBBE3FDC-B8EE-4B78-980D-2C6B8E85F2A4}.Release|iPhoneSimulator.Build.0 = Release|Any CPU
		{EBBE3FDC-B8EE-4B78-980D-2C6B8E85F2A4}.Release|iPhoneSimulator.Deploy.0 = Release|Any CPU
		{FD1FB9ED-9765-4343-8755-84772271C7F9}.Ad-Hoc|Any CPU.ActiveCfg = Ad-Hoc|iPhone
		{FD1FB9ED-9765-4343-8755-84772271C7F9}.Ad-Hoc|Any CPU.Build.0 = Ad-Hoc|iPhone
		{FD1FB9ED-9765-4343-8755-84772271C7F9}.Ad-Hoc|Any CPU.Deploy.0 = Ad-Hoc|iPhone
		{FD1FB9ED-9765-4343-8755-84772271C7F9}.Ad-Hoc|iPhone.ActiveCfg = Ad-Hoc|iPhone
		{FD1FB9ED-9765-4343-8755-84772271C7F9}.Ad-Hoc|iPhone.Build.0 = Ad-Hoc|iPhone
		{FD1FB9ED-9765-4343-8755-84772271C7F9}.Ad-Hoc|iPhone.Deploy.0 = Ad-Hoc|iPhone
		{FD1FB9ED-9765-4343-8755-84772271C7F9}.Ad-Hoc|iPhoneSimulator.ActiveCfg = Ad-Hoc|iPhoneSimulator
		{FD1FB9ED-9765-4343-8755-84772271C7F9}.Ad-Hoc|iPhoneSimulator.Build.0 = Ad-Hoc|iPhoneSimulator
		{FD1FB9ED-9765-4343-8755-84772271C7F9}.Ad-Hoc|iPhoneSimulator.Deploy.0 = Ad-Hoc|iPhoneSimulator
		{FD1FB9ED-9765-4343-8755-84772271C7F9}.AppStore|Any CPU.ActiveCfg = AppStore|iPhone
		{FD1FB9ED-9765-4343-8755-84772271C7F9}.AppStore|Any CPU.Build.0 = AppStore|iPhone
		{FD1FB9ED-9765-4343-8755-84772271C7F9}.AppStore|Any CPU.Deploy.0 = AppStore|iPhone
		{FD1FB9ED-9765-4343-8755-84772271C7F9}.AppStore|iPhone.ActiveCfg = AppStore|iPhone
		{FD1FB9ED-9765-4343-8755-84772271C7F9}.AppStore|iPhone.Build.0 = AppStore|iPhone
		{FD1FB9ED-9765-4343-8755-84772271C7F9}.AppStore|iPhone.Deploy.0 = AppStore|iPhone
		{FD1FB9ED-9765-4343-8755-84772271C7F9}.AppStore|iPhoneSimulator.ActiveCfg = AppStore|iPhoneSimulator
		{FD1FB9ED-9765-4343-8755-84772271C7F9}.AppStore|iPhoneSimulator.Build.0 = AppStore|iPhoneSimulator
		{FD1FB9ED-9765-4343-8755-84772271C7F9}.AppStore|iPhoneSimulator.Deploy.0 = AppStore|iPhoneSimulator
		{FD1FB9ED-9765-4343-8755-84772271C7F9}.Debug|Any CPU.ActiveCfg = Debug|iPhoneSimulator
		{FD1FB9ED-9765-4343-8755-84772271C7F9}.Debug|Any CPU.Build.0 = Debug|iPhoneSimulator
		{FD1FB9ED-9765-4343-8755-84772271C7F9}.Debug|Any CPU.Deploy.0 = Debug|iPhoneSimulator
		{FD1FB9ED-9765-4343-8755-84772271C7F9}.Debug|iPhone.ActiveCfg = Debug|iPhone
		{FD1FB9ED-9765-4343-8755-84772271C7F9}.Debug|iPhone.Build.0 = Debug|iPhone
		{FD1FB9ED-9765-4343-8755-84772271C7F9}.Debug|iPhone.Deploy.0 = Debug|iPhone
		{FD1FB9ED-9765-4343-8755-84772271C7F9}.Debug|iPhoneSimulator.ActiveCfg = Debug|iPhoneSimulator
		{FD1FB9ED-9765-4343-8755-84772271C7F9}.Debug|iPhoneSimulator.Build.0 = Debug|iPhoneSimulator
		{FD1FB9ED-9765-4343-8755-84772271C7F9}.Debug|iPhoneSimulator.Deploy.0 = Debug|iPhoneSimulator
		{FD1FB9ED-9765-4343-8755-84772271C7F9}.Release|Any CPU.ActiveCfg = Release|iPhone
		{FD1FB9ED-9765-4343-8755-84772271C7F9}.Release|Any CPU.Build.0 = Release|iPhone
		{FD1FB9ED-9765-4343-8755-84772271C7F9}.Release|Any CPU.Deploy.0 = Release|iPhone
		{FD1FB9ED-9765-4343-8755-84772271C7F9}.Release|iPhone.ActiveCfg = Release|iPhone
		{FD1FB9ED-9765-4343-8755-84772271C7F9}.Release|iPhone.Build.0 = Release|iPhone
		{FD1FB9ED-9765-4343-8755-84772271C7F9}.Release|iPhone.Deploy.0 = Release|iPhone
		{FD1FB9ED-9765-4343-8755-84772271C7F9}.Release|iPhoneSimulator.ActiveCfg = Release|iPhoneSimulator
		{FD1FB9ED-9765-4343-8755-84772271C7F9}.Release|iPhoneSimulator.Build.0 = Release|iPhoneSimulator
		{FD1FB9ED-9765-4343-8755-84772271C7F9}.Release|iPhoneSimulator.Deploy.0 = Release|iPhoneSimulator
		{8B38BCFE-387C-4F30-81FF-86154EBE49AD}.Ad-Hoc|Any CPU.ActiveCfg = Debug|Any CPU
		{8B38BCFE-387C-4F30-81FF-86154EBE49AD}.Ad-Hoc|Any CPU.Build.0 = Debug|Any CPU
		{8B38BCFE-387C-4F30-81FF-86154EBE49AD}.Ad-Hoc|Any CPU.Deploy.0 = Debug|Any CPU
		{8B38BCFE-387C-4F30-81FF-86154EBE49AD}.Ad-Hoc|iPhone.ActiveCfg = Debug|Any CPU
		{8B38BCFE-387C-4F30-81FF-86154EBE49AD}.Ad-Hoc|iPhone.Build.0 = Debug|Any CPU
		{8B38BCFE-387C-4F30-81FF-86154EBE49AD}.Ad-Hoc|iPhone.Deploy.0 = Debug|Any CPU
		{8B38BCFE-387C-4F30-81FF-86154EBE49AD}.Ad-Hoc|iPhoneSimulator.ActiveCfg = Debug|Any CPU
		{8B38BCFE-387C-4F30-81FF-86154EBE49AD}.Ad-Hoc|iPhoneSimulator.Build.0 = Debug|Any CPU
		{8B38BCFE-387C-4F30-81FF-86154EBE49AD}.Ad-Hoc|iPhoneSimulator.Deploy.0 = Debug|Any CPU
		{8B38BCFE-387C-4F30-81FF-86154EBE49AD}.AppStore|Any CPU.ActiveCfg = Debug|Any CPU
		{8B38BCFE-387C-4F30-81FF-86154EBE49AD}.AppStore|Any CPU.Build.0 = Debug|Any CPU
		{8B38BCFE-387C-4F30-81FF-86154EBE49AD}.AppStore|Any CPU.Deploy.0 = Debug|Any CPU
		{8B38BCFE-387C-4F30-81FF-86154EBE49AD}.AppStore|iPhone.ActiveCfg = Debug|Any CPU
		{8B38BCFE-387C-4F30-81FF-86154EBE49AD}.AppStore|iPhone.Build.0 = Debug|Any CPU
		{8B38BCFE-387C-4F30-81FF-86154EBE49AD}.AppStore|iPhone.Deploy.0 = Debug|Any CPU
		{8B38BCFE-387C-4F30-81FF-86154EBE49AD}.AppStore|iPhoneSimulator.ActiveCfg = Debug|Any CPU
		{8B38BCFE-387C-4F30-81FF-86154EBE49AD}.AppStore|iPhoneSimulator.Build.0 = Debug|Any CPU
		{8B38BCFE-387C-4F30-81FF-86154EBE49AD}.AppStore|iPhoneSimulator.Deploy.0 = Debug|Any CPU
		{8B38BCFE-387C-4F30-81FF-86154EBE49AD}.Debug|Any CPU.ActiveCfg = Debug|Any CPU
		{8B38BCFE-387C-4F30-81FF-86154EBE49AD}.Debug|Any CPU.Build.0 = Debug|Any CPU
		{8B38BCFE-387C-4F30-81FF-86154EBE49AD}.Debug|Any CPU.Deploy.0 = Debug|Any CPU
		{8B38BCFE-387C-4F30-81FF-86154EBE49AD}.Debug|iPhone.ActiveCfg = Debug|Any CPU
		{8B38BCFE-387C-4F30-81FF-86154EBE49AD}.Debug|iPhone.Build.0 = Debug|Any CPU
		{8B38BCFE-387C-4F30-81FF-86154EBE49AD}.Debug|iPhone.Deploy.0 = Debug|Any CPU
		{8B38BCFE-387C-4F30-81FF-86154EBE49AD}.Debug|iPhoneSimulator.ActiveCfg = Debug|Any CPU
		{8B38BCFE-387C-4F30-81FF-86154EBE49AD}.Debug|iPhoneSimulator.Build.0 = Debug|Any CPU
		{8B38BCFE-387C-4F30-81FF-86154EBE49AD}.Debug|iPhoneSimulator.Deploy.0 = Debug|Any CPU
		{8B38BCFE-387C-4F30-81FF-86154EBE49AD}.Release|Any CPU.ActiveCfg = Release|Any CPU
		{8B38BCFE-387C-4F30-81FF-86154EBE49AD}.Release|Any CPU.Build.0 = Release|Any CPU
		{8B38BCFE-387C-4F30-81FF-86154EBE49AD}.Release|Any CPU.Deploy.0 = Release|Any CPU
		{8B38BCFE-387C-4F30-81FF-86154EBE49AD}.Release|iPhone.ActiveCfg = Release|Any CPU
		{8B38BCFE-387C-4F30-81FF-86154EBE49AD}.Release|iPhone.Build.0 = Release|Any CPU
		{8B38BCFE-387C-4F30-81FF-86154EBE49AD}.Release|iPhone.Deploy.0 = Release|Any CPU
		{8B38BCFE-387C-4F30-81FF-86154EBE49AD}.Release|iPhoneSimulator.ActiveCfg = Release|Any CPU
		{8B38BCFE-387C-4F30-81FF-86154EBE49AD}.Release|iPhoneSimulator.Build.0 = Release|Any CPU
		{8B38BCFE-387C-4F30-81FF-86154EBE49AD}.Release|iPhoneSimulator.Deploy.0 = Release|Any CPU
	EndGlobalSection
	GlobalSection(SolutionProperties) = preSolution
		HideSolutionNode = FALSE
	EndGlobalSection
	GlobalSection(ExtensibilityGlobals) = postSolution
		SolutionGuid = {917CFB6F-F056-4911-85FC-9AD93A63CB67}
	EndGlobalSection
EndGlobal
